// !$*UTF8*$!
{
	archiveVersion = 1;
	classes = {
	};
	objectVersion = 56;
	objects = {

/* Begin PBXBuildFile section */
		6124F5F02B9DBB2E0030C54C /* ApiFetcher.swift in Sources */ = {isa = PBXBuildFile; fileRef = 6124F5EF2B9DBB2E0030C54C /* ApiFetcher.swift */; };
		6124F5F12B9DBB2E0030C54C /* ApiFetcher.swift in Sources */ = {isa = PBXBuildFile; fileRef = 6124F5EF2B9DBB2E0030C54C /* ApiFetcher.swift */; };
		614C38AD2B99F58E001A1F32 /* WidgetKit.framework in Frameworks */ = {isa = PBXBuildFile; fileRef = 614C38AC2B99F58E001A1F32 /* WidgetKit.framework */; };
		614C38AF2B99F58E001A1F32 /* SwiftUI.framework in Frameworks */ = {isa = PBXBuildFile; fileRef = 614C38AE2B99F58E001A1F32 /* SwiftUI.framework */; };
		614C38B22B99F58F001A1F32 /* RunRide_WidgetBundle.swift in Sources */ = {isa = PBXBuildFile; fileRef = 614C38B12B99F58F001A1F32 /* RunRide_WidgetBundle.swift */; };
		614C38B62B99F58F001A1F32 /* RunRide_Widget.swift in Sources */ = {isa = PBXBuildFile; fileRef = 614C38B52B99F58F001A1F32 /* RunRide_Widget.swift */; };
		614C38B82B99F58F001A1F32 /* AppIntent.swift in Sources */ = {isa = PBXBuildFile; fileRef = 614C38B72B99F58F001A1F32 /* AppIntent.swift */; };
		614C38BA2B99F594001A1F32 /* Assets.xcassets in Resources */ = {isa = PBXBuildFile; fileRef = 614C38B92B99F594001A1F32 /* Assets.xcassets */; };
		614C38BE2B99F594001A1F32 /* RunRideStudioWidgetExtension.appex in Embed Foundation Extensions */ = {isa = PBXBuildFile; fileRef = 614C38AA2B99F58E001A1F32 /* RunRideStudioWidgetExtension.appex */; settings = {ATTRIBUTES = (RemoveHeadersOnCopy, ); }; };
		614C38C42B99FB69001A1F32 /* Enums.swift in Sources */ = {isa = PBXBuildFile; fileRef = 614C38C32B99FB69001A1F32 /* Enums.swift */; };
		614C38C52B99FB69001A1F32 /* Enums.swift in Sources */ = {isa = PBXBuildFile; fileRef = 614C38C32B99FB69001A1F32 /* Enums.swift */; };
		61789DA52B94CB5F000E8B0B /* ContentView.swift in Sources */ = {isa = PBXBuildFile; fileRef = 61789DA42B94CB5F000E8B0B /* ContentView.swift */; };
		61789DA92B94CB60000E8B0B /* Assets.xcassets in Resources */ = {isa = PBXBuildFile; fileRef = 61789DA82B94CB60000E8B0B /* Assets.xcassets */; };
		61789DAC2B94CB60000E8B0B /* Preview Assets.xcassets in Resources */ = {isa = PBXBuildFile; fileRef = 61789DAB2B94CB60000E8B0B /* Preview Assets.xcassets */; };
		C284E9A62C049CCB0064D086 /* RunRideStudioApp.swift in Sources */ = {isa = PBXBuildFile; fileRef = C284E9A52C049CCB0064D086 /* RunRideStudioApp.swift */; };
		C284E9AE2C04A7460064D086 /* StravaAuthView.swift in Sources */ = {isa = PBXBuildFile; fileRef = C284E9AD2C04A7460064D086 /* StravaAuthView.swift */; };
		C284E9B02C04A76B0064D086 /* LoginView.swift in Sources */ = {isa = PBXBuildFile; fileRef = C284E9AF2C04A76B0064D086 /* LoginView.swift */; };
		C284E9B22C04A77E0064D086 /* SettingsView.swift in Sources */ = {isa = PBXBuildFile; fileRef = C284E9B12C04A77E0064D086 /* SettingsView.swift */; };
/* End PBXBuildFile section */

/* Begin PBXContainerItemProxy section */
		614C38BC2B99F594001A1F32 /* PBXContainerItemProxy */ = {
			isa = PBXContainerItemProxy;
			containerPortal = 61789D972B94CB5F000E8B0B /* Project object */;
			proxyType = 1;
			remoteGlobalIDString = 614C38A92B99F58E001A1F32;
			remoteInfo = RunRideStudioWidgetExtension;
		};
/* End PBXContainerItemProxy section */

/* Begin PBXCopyFilesBuildPhase section */
		614C38BF2B99F594001A1F32 /* Embed Foundation Extensions */ = {
			isa = PBXCopyFilesBuildPhase;
			buildActionMask = 2147483647;
			dstPath = "";
			dstSubfolderSpec = 13;
			files = (
				614C38BE2B99F594001A1F32 /* RunRideStudioWidgetExtension.appex in Embed Foundation Extensions */,
			);
			name = "Embed Foundation Extensions";
			runOnlyForDeploymentPostprocessing = 0;
		};
/* End PBXCopyFilesBuildPhase section */

/* Begin PBXFileReference section */
		6124F5ED2B9DB6E40030C54C /* RunRideStudio.entitlements */ = {isa = PBXFileReference; lastKnownFileType = text.plist.entitlements; path = RunRideStudio.entitlements; sourceTree = "<group>"; };
		6124F5EE2B9DB7760030C54C /* RunRideStudioWidgetExtension.entitlements */ = {isa = PBXFileReference; lastKnownFileType = text.plist.entitlements; path = RunRideStudioWidgetExtension.entitlements; sourceTree = "<group>"; };
		6124F5EF2B9DBB2E0030C54C /* ApiFetcher.swift */ = {isa = PBXFileReference; lastKnownFileType = sourcecode.swift; path = ApiFetcher.swift; sourceTree = "<group>"; };
		614C38AA2B99F58E001A1F32 /* RunRideStudioWidgetExtension.appex */ = {isa = PBXFileReference; explicitFileType = "wrapper.app-extension"; includeInIndex = 0; path = RunRideStudioWidgetExtension.appex; sourceTree = BUILT_PRODUCTS_DIR; };
		614C38AC2B99F58E001A1F32 /* WidgetKit.framework */ = {isa = PBXFileReference; lastKnownFileType = wrapper.framework; name = WidgetKit.framework; path = System/Library/Frameworks/WidgetKit.framework; sourceTree = SDKROOT; };
		614C38AE2B99F58E001A1F32 /* SwiftUI.framework */ = {isa = PBXFileReference; lastKnownFileType = wrapper.framework; name = SwiftUI.framework; path = System/Library/Frameworks/SwiftUI.framework; sourceTree = SDKROOT; };
		614C38B12B99F58F001A1F32 /* RunRide_WidgetBundle.swift */ = {isa = PBXFileReference; lastKnownFileType = sourcecode.swift; path = RunRide_WidgetBundle.swift; sourceTree = "<group>"; };
		614C38B52B99F58F001A1F32 /* RunRide_Widget.swift */ = {isa = PBXFileReference; lastKnownFileType = sourcecode.swift; path = RunRide_Widget.swift; sourceTree = "<group>"; };
		614C38B72B99F58F001A1F32 /* AppIntent.swift */ = {isa = PBXFileReference; lastKnownFileType = sourcecode.swift; path = AppIntent.swift; sourceTree = "<group>"; };
		614C38B92B99F594001A1F32 /* Assets.xcassets */ = {isa = PBXFileReference; lastKnownFileType = folder.assetcatalog; path = Assets.xcassets; sourceTree = "<group>"; };
		614C38BB2B99F594001A1F32 /* Info.plist */ = {isa = PBXFileReference; lastKnownFileType = text.plist.xml; path = Info.plist; sourceTree = "<group>"; };
		614C38C32B99FB69001A1F32 /* Enums.swift */ = {isa = PBXFileReference; lastKnownFileType = sourcecode.swift; path = Enums.swift; sourceTree = "<group>"; };
		61789D9F2B94CB5F000E8B0B /* RunRideStudio.app */ = {isa = PBXFileReference; explicitFileType = wrapper.application; includeInIndex = 0; path = RunRideStudio.app; sourceTree = BUILT_PRODUCTS_DIR; };
		61789DA42B94CB5F000E8B0B /* ContentView.swift */ = {isa = PBXFileReference; lastKnownFileType = sourcecode.swift; path = ContentView.swift; sourceTree = "<group>"; };
		61789DA82B94CB60000E8B0B /* Assets.xcassets */ = {isa = PBXFileReference; lastKnownFileType = folder.assetcatalog; path = Assets.xcassets; sourceTree = "<group>"; };
		61789DAB2B94CB60000E8B0B /* Preview Assets.xcassets */ = {isa = PBXFileReference; lastKnownFileType = folder.assetcatalog; path = "Preview Assets.xcassets"; sourceTree = "<group>"; };
		61789DB42B94E503000E8B0B /* Info.plist */ = {isa = PBXFileReference; lastKnownFileType = text.plist.xml; name = Info.plist; path = RunRideStudio/Resource/Info.plist; sourceTree = SOURCE_ROOT; };
		C284E9A52C049CCB0064D086 /* RunRideStudioApp.swift */ = {isa = PBXFileReference; lastKnownFileType = sourcecode.swift; path = RunRideStudioApp.swift; sourceTree = "<group>"; };
		C284E9AD2C04A7460064D086 /* StravaAuthView.swift */ = {isa = PBXFileReference; lastKnownFileType = sourcecode.swift; path = StravaAuthView.swift; sourceTree = "<group>"; };
		C284E9AF2C04A76B0064D086 /* LoginView.swift */ = {isa = PBXFileReference; lastKnownFileType = sourcecode.swift; path = LoginView.swift; sourceTree = "<group>"; };
		C284E9B12C04A77E0064D086 /* SettingsView.swift */ = {isa = PBXFileReference; lastKnownFileType = sourcecode.swift; path = SettingsView.swift; sourceTree = "<group>"; };
/* End PBXFileReference section */

/* Begin PBXFrameworksBuildPhase section */
		614C38A72B99F58E001A1F32 /* Frameworks */ = {
			isa = PBXFrameworksBuildPhase;
			buildActionMask = 2147483647;
			files = (
				614C38AF2B99F58E001A1F32 /* SwiftUI.framework in Frameworks */,
				614C38AD2B99F58E001A1F32 /* WidgetKit.framework in Frameworks */,
			);
			runOnlyForDeploymentPostprocessing = 0;
		};
		61789D9C2B94CB5F000E8B0B /* Frameworks */ = {
			isa = PBXFrameworksBuildPhase;
			buildActionMask = 2147483647;
			files = (
			);
			runOnlyForDeploymentPostprocessing = 0;
		};
/* End PBXFrameworksBuildPhase section */

/* Begin PBXGroup section */
		614C38AB2B99F58E001A1F32 /* Frameworks */ = {
			isa = PBXGroup;
			children = (
				614C38AC2B99F58E001A1F32 /* WidgetKit.framework */,
				614C38AE2B99F58E001A1F32 /* SwiftUI.framework */,
			);
			name = Frameworks;
			sourceTree = "<group>";
		};
		614C38B02B99F58F001A1F32 /* RunRideStudioWidget */ = {
			isa = PBXGroup;
			children = (
				6124F5EE2B9DB7760030C54C /* RunRideStudioWidgetExtension.entitlements */,
				614C38B12B99F58F001A1F32 /* RunRide_WidgetBundle.swift */,
				614C38B52B99F58F001A1F32 /* RunRide_Widget.swift */,
				614C38B72B99F58F001A1F32 /* AppIntent.swift */,
				614C38B92B99F594001A1F32 /* Assets.xcassets */,
				614C38BB2B99F594001A1F32 /* Info.plist */,
				614C38C32B99FB69001A1F32 /* Enums.swift */,
				6124F5EF2B9DBB2E0030C54C /* ApiFetcher.swift */,
			);
			path = RunRideStudioWidget;
			sourceTree = "<group>";
		};
		61789D962B94CB5F000E8B0B = {
			isa = PBXGroup;
			children = (
				61789DA12B94CB5F000E8B0B /* RunRideStudio */,
				614C38B02B99F58F001A1F32 /* RunRideStudioWidget */,
				614C38AB2B99F58E001A1F32 /* Frameworks */,
				61789DA02B94CB5F000E8B0B /* Products */,
			);
			sourceTree = "<group>";
		};
		61789DA02B94CB5F000E8B0B /* Products */ = {
			isa = PBXGroup;
			children = (
				61789D9F2B94CB5F000E8B0B /* RunRideStudio.app */,
				614C38AA2B99F58E001A1F32 /* RunRideStudioWidgetExtension.appex */,
			);
			name = Products;
			sourceTree = "<group>";
		};
		61789DA12B94CB5F000E8B0B /* RunRideStudio */ = {
			isa = PBXGroup;
			children = (
				C284E9A82C04A6390064D086 /* Resource */,
				C284E9A72C04A6330064D086 /* Source */,
				61789DAA2B94CB60000E8B0B /* Preview Content */,
			);
			path = RunRideStudio;
			sourceTree = "<group>";
		};
		61789DAA2B94CB60000E8B0B /* Preview Content */ = {
			isa = PBXGroup;
			children = (
				61789DAB2B94CB60000E8B0B /* Preview Assets.xcassets */,
			);
			path = "Preview Content";
			sourceTree = "<group>";
		};
		C284E9A72C04A6330064D086 /* Source */ = {
			isa = PBXGroup;
			children = (
				C284E9A92C04A64E0064D086 /* Base */,
				C284E9A52C049CCB0064D086 /* RunRideStudioApp.swift */,
			);
			path = Source;
			sourceTree = "<group>";
		};
		C284E9A82C04A6390064D086 /* Resource */ = {
			isa = PBXGroup;
			children = (
				61789DA82B94CB60000E8B0B /* Assets.xcassets */,
				61789DB42B94E503000E8B0B /* Info.plist */,
				6124F5ED2B9DB6E40030C54C /* RunRideStudio.entitlements */,
			);
			path = Resource;
			sourceTree = "<group>";
		};
		C284E9A92C04A64E0064D086 /* Base */ = {
			isa = PBXGroup;
			children = (
				C284E9AA2C04A6600064D086 /* View */,
			);
			path = Base;
			sourceTree = "<group>";
		};
		C284E9AA2C04A6600064D086 /* View */ = {
			isa = PBXGroup;
			children = (
				61789DA42B94CB5F000E8B0B /* ContentView.swift */,
				C284E9AD2C04A7460064D086 /* StravaAuthView.swift */,
				C284E9AF2C04A76B0064D086 /* LoginView.swift */,
				C284E9B12C04A77E0064D086 /* SettingsView.swift */,
			);
			path = View;
			sourceTree = "<group>";
		};
/* End PBXGroup section */

/* Begin PBXNativeTarget section */
		614C38A92B99F58E001A1F32 /* RunRideStudioWidgetExtension */ = {
			isa = PBXNativeTarget;
			buildConfigurationList = 614C38C22B99F594001A1F32 /* Build configuration list for PBXNativeTarget "RunRideStudioWidgetExtension" */;
			buildPhases = (
				614C38A62B99F58E001A1F32 /* Sources */,
				614C38A72B99F58E001A1F32 /* Frameworks */,
				614C38A82B99F58E001A1F32 /* Resources */,
			);
			buildRules = (
			);
			dependencies = (
			);
			name = RunRideStudioWidgetExtension;
			productName = RunRideStudioWidgetExtension;
			productReference = 614C38AA2B99F58E001A1F32 /* RunRideStudioWidgetExtension.appex */;
			productType = "com.apple.product-type.app-extension";
		};
		61789D9E2B94CB5F000E8B0B /* RunRideStudio */ = {
			isa = PBXNativeTarget;
			buildConfigurationList = 61789DAF2B94CB60000E8B0B /* Build configuration list for PBXNativeTarget "RunRideStudio" */;
			buildPhases = (
				61789D9B2B94CB5F000E8B0B /* Sources */,
				61789D9C2B94CB5F000E8B0B /* Frameworks */,
				61789D9D2B94CB5F000E8B0B /* Resources */,
				614C38BF2B99F594001A1F32 /* Embed Foundation Extensions */,
			);
			buildRules = (
			);
			dependencies = (
				614C38BD2B99F594001A1F32 /* PBXTargetDependency */,
			);
			name = RunRideStudio;
			productName = RunRideStudio;
			productReference = 61789D9F2B94CB5F000E8B0B /* RunRideStudio.app */;
			productType = "com.apple.product-type.application";
		};
/* End PBXNativeTarget section */

/* Begin PBXProject section */
		61789D972B94CB5F000E8B0B /* Project object */ = {
			isa = PBXProject;
			attributes = {
				BuildIndependentTargetsInParallel = 1;
				LastSwiftUpdateCheck = 1500;
				LastUpgradeCheck = 1500;
				TargetAttributes = {
					614C38A92B99F58E001A1F32 = {
						CreatedOnToolsVersion = 15.0;
					};
					61789D9E2B94CB5F000E8B0B = {
						CreatedOnToolsVersion = 15.0;
					};
				};
			};
			buildConfigurationList = 61789D9A2B94CB5F000E8B0B /* Build configuration list for PBXProject "RunRideStudio" */;
			compatibilityVersion = "Xcode 14.0";
			developmentRegion = en;
			hasScannedForEncodings = 0;
			knownRegions = (
				en,
				Base,
			);
			mainGroup = 61789D962B94CB5F000E8B0B;
			productRefGroup = 61789DA02B94CB5F000E8B0B /* Products */;
			projectDirPath = "";
			projectRoot = "";
			targets = (
				61789D9E2B94CB5F000E8B0B /* RunRideStudio */,
				614C38A92B99F58E001A1F32 /* RunRideStudioWidgetExtension */,
			);
		};
/* End PBXProject section */

/* Begin PBXResourcesBuildPhase section */
		614C38A82B99F58E001A1F32 /* Resources */ = {
			isa = PBXResourcesBuildPhase;
			buildActionMask = 2147483647;
			files = (
				614C38BA2B99F594001A1F32 /* Assets.xcassets in Resources */,
			);
			runOnlyForDeploymentPostprocessing = 0;
		};
		61789D9D2B94CB5F000E8B0B /* Resources */ = {
			isa = PBXResourcesBuildPhase;
			buildActionMask = 2147483647;
			files = (
				61789DAC2B94CB60000E8B0B /* Preview Assets.xcassets in Resources */,
				61789DA92B94CB60000E8B0B /* Assets.xcassets in Resources */,
			);
			runOnlyForDeploymentPostprocessing = 0;
		};
/* End PBXResourcesBuildPhase section */

/* Begin PBXSourcesBuildPhase section */
		614C38A62B99F58E001A1F32 /* Sources */ = {
			isa = PBXSourcesBuildPhase;
			buildActionMask = 2147483647;
			files = (
				614C38B82B99F58F001A1F32 /* AppIntent.swift in Sources */,
				614C38C52B99FB69001A1F32 /* Enums.swift in Sources */,
				6124F5F12B9DBB2E0030C54C /* ApiFetcher.swift in Sources */,
				614C38B22B99F58F001A1F32 /* RunRide_WidgetBundle.swift in Sources */,
				614C38B62B99F58F001A1F32 /* RunRide_Widget.swift in Sources */,
			);
			runOnlyForDeploymentPostprocessing = 0;
		};
		61789D9B2B94CB5F000E8B0B /* Sources */ = {
			isa = PBXSourcesBuildPhase;
			buildActionMask = 2147483647;
			files = (
				C284E9B22C04A77E0064D086 /* SettingsView.swift in Sources */,
				61789DA52B94CB5F000E8B0B /* ContentView.swift in Sources */,
				C284E9B02C04A76B0064D086 /* LoginView.swift in Sources */,
				C284E9A62C049CCB0064D086 /* RunRideStudioApp.swift in Sources */,
				6124F5F02B9DBB2E0030C54C /* ApiFetcher.swift in Sources */,
				614C38C42B99FB69001A1F32 /* Enums.swift in Sources */,
				C284E9AE2C04A7460064D086 /* StravaAuthView.swift in Sources */,
			);
			runOnlyForDeploymentPostprocessing = 0;
		};
/* End PBXSourcesBuildPhase section */

/* Begin PBXTargetDependency section */
		614C38BD2B99F594001A1F32 /* PBXTargetDependency */ = {
			isa = PBXTargetDependency;
			target = 614C38A92B99F58E001A1F32 /* RunRideStudioWidgetExtension */;
			targetProxy = 614C38BC2B99F594001A1F32 /* PBXContainerItemProxy */;
		};
/* End PBXTargetDependency section */

/* Begin XCBuildConfiguration section */
		614C38C02B99F594001A1F32 /* Debug */ = {
			isa = XCBuildConfiguration;
			buildSettings = {
				ASSETCATALOG_COMPILER_GLOBAL_ACCENT_COLOR_NAME = AccentColor;
				ASSETCATALOG_COMPILER_WIDGET_BACKGROUND_COLOR_NAME = WidgetBackground;
				CODE_SIGN_ENTITLEMENTS = RunRideStudioWidget/RunRideStudioWidgetExtension.entitlements;
				CODE_SIGN_STYLE = Automatic;
				CURRENT_PROJECT_VERSION = 1;
				DEVELOPMENT_TEAM = 3668S4ATNC;
				GENERATE_INFOPLIST_FILE = YES;
				INFOPLIST_FILE = RunRideStudioWidget/Info.plist;
				INFOPLIST_KEY_CFBundleDisplayName = RunRideStudioWidget;
				INFOPLIST_KEY_NSHumanReadableCopyright = "";
				LD_RUNPATH_SEARCH_PATHS = (
					"$(inherited)",
					"@executable_path/Frameworks",
					"@executable_path/../../Frameworks",
				);
				MARKETING_VERSION = 1.0;
				PRODUCT_BUNDLE_IDENTIFIER = "runride.studio.RunRide-Studio-Widgets.RunRide-Widget";
				PRODUCT_NAME = "$(TARGET_NAME)";
				SKIP_INSTALL = YES;
				SUPPORTED_PLATFORMS = "iphoneos iphonesimulator";
				SUPPORTS_MACCATALYST = NO;
				SUPPORTS_MAC_DESIGNED_FOR_IPHONE_IPAD = NO;
				SWIFT_EMIT_LOC_STRINGS = YES;
				SWIFT_VERSION = 5.0;
				TARGETED_DEVICE_FAMILY = "1,2";
			};
			name = Debug;
		};
		614C38C12B99F594001A1F32 /* Release */ = {
			isa = XCBuildConfiguration;
			buildSettings = {
				ASSETCATALOG_COMPILER_GLOBAL_ACCENT_COLOR_NAME = AccentColor;
				ASSETCATALOG_COMPILER_WIDGET_BACKGROUND_COLOR_NAME = WidgetBackground;
				CODE_SIGN_ENTITLEMENTS = RunRideStudioWidget/RunRideStudioWidgetExtension.entitlements;
				CODE_SIGN_STYLE = Automatic;
				CURRENT_PROJECT_VERSION = 1;
				DEVELOPMENT_TEAM = 3668S4ATNC;
				GENERATE_INFOPLIST_FILE = YES;
				INFOPLIST_FILE = RunRideStudioWidget/Info.plist;
				INFOPLIST_KEY_CFBundleDisplayName = RunRideStudioWidget;
				INFOPLIST_KEY_NSHumanReadableCopyright = "";
				LD_RUNPATH_SEARCH_PATHS = (
					"$(inherited)",
					"@executable_path/Frameworks",
					"@executable_path/../../Frameworks",
				);
				MARKETING_VERSION = 1.0;
				PRODUCT_BUNDLE_IDENTIFIER = "runride.studio.RunRide-Studio-Widgets.RunRide-Widget";
				PRODUCT_NAME = "$(TARGET_NAME)";
				SKIP_INSTALL = YES;
				SUPPORTED_PLATFORMS = "iphoneos iphonesimulator";
				SUPPORTS_MACCATALYST = NO;
				SUPPORTS_MAC_DESIGNED_FOR_IPHONE_IPAD = NO;
				SWIFT_EMIT_LOC_STRINGS = YES;
				SWIFT_VERSION = 5.0;
				TARGETED_DEVICE_FAMILY = "1,2";
			};
			name = Release;
		};
		61789DAD2B94CB60000E8B0B /* Debug */ = {
			isa = XCBuildConfiguration;
			buildSettings = {
				ALWAYS_SEARCH_USER_PATHS = NO;
				ASSETCATALOG_COMPILER_GENERATE_SWIFT_ASSET_SYMBOL_EXTENSIONS = YES;
				CLANG_ANALYZER_NONNULL = YES;
				CLANG_ANALYZER_NUMBER_OBJECT_CONVERSION = YES_AGGRESSIVE;
				CLANG_CXX_LANGUAGE_STANDARD = "gnu++20";
				CLANG_ENABLE_MODULES = YES;
				CLANG_ENABLE_OBJC_ARC = YES;
				CLANG_ENABLE_OBJC_WEAK = YES;
				CLANG_WARN_BLOCK_CAPTURE_AUTORELEASING = YES;
				CLANG_WARN_BOOL_CONVERSION = YES;
				CLANG_WARN_COMMA = YES;
				CLANG_WARN_CONSTANT_CONVERSION = YES;
				CLANG_WARN_DEPRECATED_OBJC_IMPLEMENTATIONS = YES;
				CLANG_WARN_DIRECT_OBJC_ISA_USAGE = YES_ERROR;
				CLANG_WARN_DOCUMENTATION_COMMENTS = YES;
				CLANG_WARN_EMPTY_BODY = YES;
				CLANG_WARN_ENUM_CONVERSION = YES;
				CLANG_WARN_INFINITE_RECURSION = YES;
				CLANG_WARN_INT_CONVERSION = YES;
				CLANG_WARN_NON_LITERAL_NULL_CONVERSION = YES;
				CLANG_WARN_OBJC_IMPLICIT_RETAIN_SELF = YES;
				CLANG_WARN_OBJC_LITERAL_CONVERSION = YES;
				CLANG_WARN_OBJC_ROOT_CLASS = YES_ERROR;
				CLANG_WARN_QUOTED_INCLUDE_IN_FRAMEWORK_HEADER = YES;
				CLANG_WARN_RANGE_LOOP_ANALYSIS = YES;
				CLANG_WARN_STRICT_PROTOTYPES = YES;
				CLANG_WARN_SUSPICIOUS_MOVE = YES;
				CLANG_WARN_UNGUARDED_AVAILABILITY = YES_AGGRESSIVE;
				CLANG_WARN_UNREACHABLE_CODE = YES;
				CLANG_WARN__DUPLICATE_METHOD_MATCH = YES;
				COPY_PHASE_STRIP = NO;
				DEBUG_INFORMATION_FORMAT = dwarf;
				ENABLE_STRICT_OBJC_MSGSEND = YES;
				ENABLE_TESTABILITY = YES;
				ENABLE_USER_SCRIPT_SANDBOXING = YES;
				GCC_C_LANGUAGE_STANDARD = gnu17;
				GCC_DYNAMIC_NO_PIC = NO;
				GCC_NO_COMMON_BLOCKS = YES;
				GCC_OPTIMIZATION_LEVEL = 0;
				GCC_PREPROCESSOR_DEFINITIONS = (
					"DEBUG=1",
					"$(inherited)",
				);
				GCC_WARN_64_TO_32_BIT_CONVERSION = YES;
				GCC_WARN_ABOUT_RETURN_TYPE = YES_ERROR;
				GCC_WARN_UNDECLARED_SELECTOR = YES;
				GCC_WARN_UNINITIALIZED_AUTOS = YES_AGGRESSIVE;
				GCC_WARN_UNUSED_FUNCTION = YES;
				GCC_WARN_UNUSED_VARIABLE = YES;
				IPHONEOS_DEPLOYMENT_TARGET = 17.0;
				LOCALIZATION_PREFERS_STRING_CATALOGS = YES;
				MTL_ENABLE_DEBUG_INFO = INCLUDE_SOURCE;
				MTL_FAST_MATH = YES;
				ONLY_ACTIVE_ARCH = YES;
				SDKROOT = iphoneos;
				SWIFT_ACTIVE_COMPILATION_CONDITIONS = "DEBUG $(inherited)";
				SWIFT_OPTIMIZATION_LEVEL = "-Onone";
			};
			name = Debug;
		};
		61789DAE2B94CB60000E8B0B /* Release */ = {
			isa = XCBuildConfiguration;
			buildSettings = {
				ALWAYS_SEARCH_USER_PATHS = NO;
				ASSETCATALOG_COMPILER_GENERATE_SWIFT_ASSET_SYMBOL_EXTENSIONS = YES;
				CLANG_ANALYZER_NONNULL = YES;
				CLANG_ANALYZER_NUMBER_OBJECT_CONVERSION = YES_AGGRESSIVE;
				CLANG_CXX_LANGUAGE_STANDARD = "gnu++20";
				CLANG_ENABLE_MODULES = YES;
				CLANG_ENABLE_OBJC_ARC = YES;
				CLANG_ENABLE_OBJC_WEAK = YES;
				CLANG_WARN_BLOCK_CAPTURE_AUTORELEASING = YES;
				CLANG_WARN_BOOL_CONVERSION = YES;
				CLANG_WARN_COMMA = YES;
				CLANG_WARN_CONSTANT_CONVERSION = YES;
				CLANG_WARN_DEPRECATED_OBJC_IMPLEMENTATIONS = YES;
				CLANG_WARN_DIRECT_OBJC_ISA_USAGE = YES_ERROR;
				CLANG_WARN_DOCUMENTATION_COMMENTS = YES;
				CLANG_WARN_EMPTY_BODY = YES;
				CLANG_WARN_ENUM_CONVERSION = YES;
				CLANG_WARN_INFINITE_RECURSION = YES;
				CLANG_WARN_INT_CONVERSION = YES;
				CLANG_WARN_NON_LITERAL_NULL_CONVERSION = YES;
				CLANG_WARN_OBJC_IMPLICIT_RETAIN_SELF = YES;
				CLANG_WARN_OBJC_LITERAL_CONVERSION = YES;
				CLANG_WARN_OBJC_ROOT_CLASS = YES_ERROR;
				CLANG_WARN_QUOTED_INCLUDE_IN_FRAMEWORK_HEADER = YES;
				CLANG_WARN_RANGE_LOOP_ANALYSIS = YES;
				CLANG_WARN_STRICT_PROTOTYPES = YES;
				CLANG_WARN_SUSPICIOUS_MOVE = YES;
				CLANG_WARN_UNGUARDED_AVAILABILITY = YES_AGGRESSIVE;
				CLANG_WARN_UNREACHABLE_CODE = YES;
				CLANG_WARN__DUPLICATE_METHOD_MATCH = YES;
				COPY_PHASE_STRIP = NO;
				DEBUG_INFORMATION_FORMAT = "dwarf-with-dsym";
				ENABLE_NS_ASSERTIONS = NO;
				ENABLE_STRICT_OBJC_MSGSEND = YES;
				ENABLE_USER_SCRIPT_SANDBOXING = YES;
				GCC_C_LANGUAGE_STANDARD = gnu17;
				GCC_NO_COMMON_BLOCKS = YES;
				GCC_WARN_64_TO_32_BIT_CONVERSION = YES;
				GCC_WARN_ABOUT_RETURN_TYPE = YES_ERROR;
				GCC_WARN_UNDECLARED_SELECTOR = YES;
				GCC_WARN_UNINITIALIZED_AUTOS = YES_AGGRESSIVE;
				GCC_WARN_UNUSED_FUNCTION = YES;
				GCC_WARN_UNUSED_VARIABLE = YES;
				IPHONEOS_DEPLOYMENT_TARGET = 17.0;
				LOCALIZATION_PREFERS_STRING_CATALOGS = YES;
				MTL_ENABLE_DEBUG_INFO = NO;
				MTL_FAST_MATH = YES;
				SDKROOT = iphoneos;
				SWIFT_COMPILATION_MODE = wholemodule;
				VALIDATE_PRODUCT = YES;
			};
			name = Release;
		};
		61789DB02B94CB60000E8B0B /* Debug */ = {
			isa = XCBuildConfiguration;
			buildSettings = {
				ALWAYS_EMBED_SWIFT_STANDARD_LIBRARIES = YES;
				ASSETCATALOG_COMPILER_APPICON_NAME = AppIcon;
				ASSETCATALOG_COMPILER_GLOBAL_ACCENT_COLOR_NAME = AccentColor;
				CODE_SIGN_ENTITLEMENTS = RunRideStudio/Resource/RunRideStudio.entitlements;
				CODE_SIGN_STYLE = Automatic;
				CURRENT_PROJECT_VERSION = 1;
				DEVELOPMENT_ASSET_PATHS = "\"RunRideStudio/Preview Content\"";
				DEVELOPMENT_TEAM = 3668S4ATNC;
				ENABLE_PREVIEWS = YES;
				GENERATE_INFOPLIST_FILE = YES;
				INFOPLIST_FILE = RunRideStudio/Resource/Info.plist;
				INFOPLIST_KEY_UIApplicationSceneManifest_Generation = YES;
				INFOPLIST_KEY_UIApplicationSupportsIndirectInputEvents = YES;
				INFOPLIST_KEY_UILaunchScreen_Generation = YES;
				INFOPLIST_KEY_UISupportedInterfaceOrientations_iPad = "UIInterfaceOrientationPortrait UIInterfaceOrientationPortraitUpsideDown UIInterfaceOrientationLandscapeLeft UIInterfaceOrientationLandscapeRight";
				INFOPLIST_KEY_UISupportedInterfaceOrientations_iPhone = "UIInterfaceOrientationPortrait UIInterfaceOrientationLandscapeLeft UIInterfaceOrientationLandscapeRight";
				LD_RUNPATH_SEARCH_PATHS = (
					"$(inherited)",
					"@executable_path/Frameworks",
				);
				MARKETING_VERSION = 1.0;
				PRODUCT_BUNDLE_IDENTIFIER = "runride.studio.RunRide-Studio-Widgets";
				PRODUCT_NAME = "$(TARGET_NAME)";
				SUPPORTED_PLATFORMS = "iphoneos iphonesimulator";
				SUPPORTS_MACCATALYST = NO;
				SUPPORTS_MAC_DESIGNED_FOR_IPHONE_IPAD = NO;
				SWIFT_EMIT_LOC_STRINGS = YES;
				SWIFT_VERSION = 5.0;
				TARGETED_DEVICE_FAMILY = "1,2";
			};
			name = Debug;
		};
		61789DB12B94CB60000E8B0B /* Release */ = {
			isa = XCBuildConfiguration;
			buildSettings = {
				ALWAYS_EMBED_SWIFT_STANDARD_LIBRARIES = YES;
				ASSETCATALOG_COMPILER_APPICON_NAME = AppIcon;
				ASSETCATALOG_COMPILER_GLOBAL_ACCENT_COLOR_NAME = AccentColor;
				CODE_SIGN_ENTITLEMENTS = RunRideStudio/Resource/RunRideStudio.entitlements;
				CODE_SIGN_STYLE = Automatic;
				CURRENT_PROJECT_VERSION = 1;
				DEVELOPMENT_ASSET_PATHS = "\"RunRideStudio/Preview Content\"";
				DEVELOPMENT_TEAM = 3668S4ATNC;
				ENABLE_PREVIEWS = YES;
				GENERATE_INFOPLIST_FILE = YES;
				INFOPLIST_FILE = RunRideStudio/Resource/Info.plist;
				INFOPLIST_KEY_UIApplicationSceneManifest_Generation = YES;
				INFOPLIST_KEY_UIApplicationSupportsIndirectInputEvents = YES;
				INFOPLIST_KEY_UILaunchScreen_Generation = YES;
				INFOPLIST_KEY_UISupportedInterfaceOrientations_iPad = "UIInterfaceOrientationPortrait UIInterfaceOrientationPortraitUpsideDown UIInterfaceOrientationLandscapeLeft UIInterfaceOrientationLandscapeRight";
				INFOPLIST_KEY_UISupportedInterfaceOrientations_iPhone = "UIInterfaceOrientationPortrait UIInterfaceOrientationLandscapeLeft UIInterfaceOrientationLandscapeRight";
				LD_RUNPATH_SEARCH_PATHS = (
					"$(inherited)",
					"@executable_path/Frameworks",
				);
				MARKETING_VERSION = 1.0;
				PRODUCT_BUNDLE_IDENTIFIER = "runride.studio.RunRide-Studio-Widgets";
				PRODUCT_NAME = "$(TARGET_NAME)";
				SUPPORTED_PLATFORMS = "iphoneos iphonesimulator";
				SUPPORTS_MACCATALYST = NO;
				SUPPORTS_MAC_DESIGNED_FOR_IPHONE_IPAD = NO;
				SWIFT_EMIT_LOC_STRINGS = YES;
				SWIFT_VERSION = 5.0;
				TARGETED_DEVICE_FAMILY = "1,2";
			};
			name = Release;
		};
/* End XCBuildConfiguration section */

/* Begin XCConfigurationList section */
		614C38C22B99F594001A1F32 /* Build configuration list for PBXNativeTarget "RunRideStudioWidgetExtension" */ = {
			isa = XCConfigurationList;
			buildConfigurations = (
				614C38C02B99F594001A1F32 /* Debug */,
				614C38C12B99F594001A1F32 /* Release */,
			);
			defaultConfigurationIsVisible = 0;
			defaultConfigurationName = Release;
		};
		61789D9A2B94CB5F000E8B0B /* Build configuration list for PBXProject "RunRideStudio" */ = {
			isa = XCConfigurationList;
			buildConfigurations = (
				61789DAD2B94CB60000E8B0B /* Debug */,
				61789DAE2B94CB60000E8B0B /* Release */,
			);
			defaultConfigurationIsVisible = 0;
			defaultConfigurationName = Release;
		};
		61789DAF2B94CB60000E8B0B /* Build configuration list for PBXNativeTarget "RunRideStudio" */ = {
			isa = XCConfigurationList;
			buildConfigurations = (
				61789DB02B94CB60000E8B0B /* Debug */,
				61789DB12B94CB60000E8B0B /* Release */,
			);
			defaultConfigurationIsVisible = 0;
			defaultConfigurationName = Release;
		};
/* End XCConfigurationList section */
	};
	rootObject = 61789D972B94CB5F000E8B0B /* Project object */;
}
