// !$*UTF8*$!
{
	archiveVersion = 1;
	classes = {
	};
	objectVersion = 56;
	objects = {

/* Begin PBXBuildFile section */
		614C38AD2B99F58E001A1F32 /* WidgetKit.framework in Frameworks */ = {isa = PBXBuildFile; fileRef = 614C38AC2B99F58E001A1F32 /* WidgetKit.framework */; };
		614C38AF2B99F58E001A1F32 /* SwiftUI.framework in Frameworks */ = {isa = PBXBuildFile; fileRef = 614C38AE2B99F58E001A1F32 /* SwiftUI.framework */; };
		614C38BA2B99F594001A1F32 /* Assets.xcassets in Resources */ = {isa = PBXBuildFile; fileRef = 614C38B92B99F594001A1F32 /* Assets.xcassets */; };
		614C38BE2B99F594001A1F32 /* RunRideStudioWidgetExtension.appex in Embed Foundation Extensions */ = {isa = PBXBuildFile; fileRef = 614C38AA2B99F58E001A1F32 /* RunRideStudioWidgetExtension.appex */; settings = {ATTRIBUTES = (RemoveHeadersOnCopy, ); }; };
		61789DA52B94CB5F000E8B0B /* ContentView.swift in Sources */ = {isa = PBXBuildFile; fileRef = 61789DA42B94CB5F000E8B0B /* ContentView.swift */; };
		61789DA92B94CB60000E8B0B /* Assets.xcassets in Resources */ = {isa = PBXBuildFile; fileRef = 61789DA82B94CB60000E8B0B /* Assets.xcassets */; };
		61789DAC2B94CB60000E8B0B /* Preview Assets.xcassets in Resources */ = {isa = PBXBuildFile; fileRef = 61789DAB2B94CB60000E8B0B /* Preview Assets.xcassets */; };
		C22971A52C089F3000241D92 /* SnapshotWidget.swift in Sources */ = {isa = PBXBuildFile; fileRef = C22971A42C089F3000241D92 /* SnapshotWidget.swift */; };
		C22971A72C08A0F200241D92 /* SnapshotWidgetEntry.swift in Sources */ = {isa = PBXBuildFile; fileRef = C22971A62C08A0F200241D92 /* SnapshotWidgetEntry.swift */; };
		C22971A92C08A12900241D92 /* SnapshotWidgetView.swift in Sources */ = {isa = PBXBuildFile; fileRef = C22971A82C08A12900241D92 /* SnapshotWidgetView.swift */; };
		C22971AD2C08A17100241D92 /* SnapshotItemView.swift in Sources */ = {isa = PBXBuildFile; fileRef = C22971AC2C08A17100241D92 /* SnapshotItemView.swift */; };
		C22971B02C08A1CA00241D92 /* SnapshotWidgetTimelineProvider.swift in Sources */ = {isa = PBXBuildFile; fileRef = C22971AF2C08A1CA00241D92 /* SnapshotWidgetTimelineProvider.swift */; };
		C22971B32C08A46900241D92 /* SnapshotWidgetIntent.swift in Sources */ = {isa = PBXBuildFile; fileRef = C22971B22C08A46900241D92 /* SnapshotWidgetIntent.swift */; };
		C22971B62C08A65400241D92 /* GoalWidget.swift in Sources */ = {isa = PBXBuildFile; fileRef = C22971B52C08A65400241D92 /* GoalWidget.swift */; };
		C22971BC2C08A77500241D92 /* GoalWidgetEntry.swift in Sources */ = {isa = PBXBuildFile; fileRef = C22971BB2C08A77500241D92 /* GoalWidgetEntry.swift */; };
		C22971BE2C08A79600241D92 /* GoalWidgetTimelineProvider.swift in Sources */ = {isa = PBXBuildFile; fileRef = C22971BD2C08A79600241D92 /* GoalWidgetTimelineProvider.swift */; };
		C22971C02C08A80600241D92 /* GoalWidgetView.swift in Sources */ = {isa = PBXBuildFile; fileRef = C22971BF2C08A80600241D92 /* GoalWidgetView.swift */; };
		C22971C22C08A83000241D92 /* GoalWidgetIntent.swift in Sources */ = {isa = PBXBuildFile; fileRef = C22971C12C08A83000241D92 /* GoalWidgetIntent.swift */; };
		C22971C42C08A90C00241D92 /* SportType.swift in Sources */ = {isa = PBXBuildFile; fileRef = C22971C32C08A90C00241D92 /* SportType.swift */; };
		C22971C62C08A96300241D92 /* IntervalType.swift in Sources */ = {isa = PBXBuildFile; fileRef = C22971C52C08A96300241D92 /* IntervalType.swift */; };
		C22971C82C08A99400241D92 /* MetricType.swift in Sources */ = {isa = PBXBuildFile; fileRef = C22971C72C08A99400241D92 /* MetricType.swift */; };
		C22971CF2C08ADAA00241D92 /* MonthAccessoryWidget.swift in Sources */ = {isa = PBXBuildFile; fileRef = C22971CE2C08ADAA00241D92 /* MonthAccessoryWidget.swift */; };
		C22971D12C08C05800241D92 /* MonthAccessoryWidgetView.swift in Sources */ = {isa = PBXBuildFile; fileRef = C22971D02C08C05800241D92 /* MonthAccessoryWidgetView.swift */; };
		C22971D42C08C07000241D92 /* MonthAccessoryWidgetTimelineProvider.swift in Sources */ = {isa = PBXBuildFile; fileRef = C22971D32C08C07000241D92 /* MonthAccessoryWidgetTimelineProvider.swift */; };
		C22971D72C08C08900241D92 /* MonthAccessoryWidgetEntry.swift in Sources */ = {isa = PBXBuildFile; fileRef = C22971D62C08C08900241D92 /* MonthAccessoryWidgetEntry.swift */; };
		C22971DB2C08C71900241D92 /* Spacing.swift in Sources */ = {isa = PBXBuildFile; fileRef = C22971DA2C08C71900241D92 /* Spacing.swift */; };
		C22971DC2C08C71900241D92 /* Spacing.swift in Sources */ = {isa = PBXBuildFile; fileRef = C22971DA2C08C71900241D92 /* Spacing.swift */; };
		C284E9A62C049CCB0064D086 /* RunRideStudioApp.swift in Sources */ = {isa = PBXBuildFile; fileRef = C284E9A52C049CCB0064D086 /* RunRideStudioApp.swift */; };
		C284E9AE2C04A7460064D086 /* StravaAuthView.swift in Sources */ = {isa = PBXBuildFile; fileRef = C284E9AD2C04A7460064D086 /* StravaAuthView.swift */; };
		C284E9B02C04A76B0064D086 /* LoginView.swift in Sources */ = {isa = PBXBuildFile; fileRef = C284E9AF2C04A76B0064D086 /* LoginView.swift */; };
		C284E9B22C04A77E0064D086 /* SettingsView.swift in Sources */ = {isa = PBXBuildFile; fileRef = C284E9B12C04A77E0064D086 /* SettingsView.swift */; };
		C284E9B72C04ABFA0064D086 /* RunRideStudioWidgetBundle.swift in Sources */ = {isa = PBXBuildFile; fileRef = C284E9B52C04AB4F0064D086 /* RunRideStudioWidgetBundle.swift */; };
		C284E9BD2C04CC800064D086 /* UserDefaultsWrapper.swift in Sources */ = {isa = PBXBuildFile; fileRef = C284E9BC2C04CC800064D086 /* UserDefaultsWrapper.swift */; };
		C284E9BE2C04CE300064D086 /* UserDefaultsWrapper.swift in Sources */ = {isa = PBXBuildFile; fileRef = C284E9BC2C04CC800064D086 /* UserDefaultsWrapper.swift */; };
		C284E9C12C04D23C0064D086 /* BaseNetworkService.swift in Sources */ = {isa = PBXBuildFile; fileRef = C284E9C02C04D23C0064D086 /* BaseNetworkService.swift */; };
		C284E9C22C04D23C0064D086 /* BaseNetworkService.swift in Sources */ = {isa = PBXBuildFile; fileRef = C284E9C02C04D23C0064D086 /* BaseNetworkService.swift */; };
		C284E9C42C04D2B40064D086 /* BaseTarget.swift in Sources */ = {isa = PBXBuildFile; fileRef = C284E9C32C04D2B40064D086 /* BaseTarget.swift */; };
		C284E9C52C04D2B40064D086 /* BaseTarget.swift in Sources */ = {isa = PBXBuildFile; fileRef = C284E9C32C04D2B40064D086 /* BaseTarget.swift */; };
		C284E9C82C04D77F0064D086 /* WidgetTarget.swift in Sources */ = {isa = PBXBuildFile; fileRef = C284E9C72C04D77F0064D086 /* WidgetTarget.swift */; };
		C284E9C92C04D77F0064D086 /* WidgetTarget.swift in Sources */ = {isa = PBXBuildFile; fileRef = C284E9C72C04D77F0064D086 /* WidgetTarget.swift */; };
		C284E9CB2C04D78A0064D086 /* WidgetService.swift in Sources */ = {isa = PBXBuildFile; fileRef = C284E9CA2C04D78A0064D086 /* WidgetService.swift */; };
		C284E9CC2C04D78A0064D086 /* WidgetService.swift in Sources */ = {isa = PBXBuildFile; fileRef = C284E9CA2C04D78A0064D086 /* WidgetService.swift */; };
		C284E9CF2C04DDC00064D086 /* StravaData.swift in Sources */ = {isa = PBXBuildFile; fileRef = C284E9CE2C04DDC00064D086 /* StravaData.swift */; };
		C284E9D02C04DDC00064D086 /* StravaData.swift in Sources */ = {isa = PBXBuildFile; fileRef = C284E9CE2C04DDC00064D086 /* StravaData.swift */; };
		C284E9D22C04DDC50064D086 /* SnapshotData.swift in Sources */ = {isa = PBXBuildFile; fileRef = C284E9D12C04DDC50064D086 /* SnapshotData.swift */; };
		C284E9D32C04DDC50064D086 /* SnapshotData.swift in Sources */ = {isa = PBXBuildFile; fileRef = C284E9D12C04DDC50064D086 /* SnapshotData.swift */; };
/* End PBXBuildFile section */

/* Begin PBXContainerItemProxy section */
		614C38BC2B99F594001A1F32 /* PBXContainerItemProxy */ = {
			isa = PBXContainerItemProxy;
			containerPortal = 61789D972B94CB5F000E8B0B /* Project object */;
			proxyType = 1;
			remoteGlobalIDString = 614C38A92B99F58E001A1F32;
			remoteInfo = RunRideStudioWidgetExtension;
		};
/* End PBXContainerItemProxy section */

/* Begin PBXCopyFilesBuildPhase section */
		614C38BF2B99F594001A1F32 /* Embed Foundation Extensions */ = {
			isa = PBXCopyFilesBuildPhase;
			buildActionMask = 2147483647;
			dstPath = "";
			dstSubfolderSpec = 13;
			files = (
				614C38BE2B99F594001A1F32 /* RunRideStudioWidgetExtension.appex in Embed Foundation Extensions */,
			);
			name = "Embed Foundation Extensions";
			runOnlyForDeploymentPostprocessing = 0;
		};
/* End PBXCopyFilesBuildPhase section */

/* Begin PBXFileReference section */
		6124F5ED2B9DB6E40030C54C /* RunRideStudio.entitlements */ = {isa = PBXFileReference; lastKnownFileType = text.plist.entitlements; path = RunRideStudio.entitlements; sourceTree = "<group>"; };
		6124F5EE2B9DB7760030C54C /* RunRideStudioWidgetExtension.entitlements */ = {isa = PBXFileReference; lastKnownFileType = text.plist.entitlements; path = RunRideStudioWidgetExtension.entitlements; sourceTree = "<group>"; };
		614C38AA2B99F58E001A1F32 /* RunRideStudioWidgetExtension.appex */ = {isa = PBXFileReference; explicitFileType = "wrapper.app-extension"; includeInIndex = 0; path = RunRideStudioWidgetExtension.appex; sourceTree = BUILT_PRODUCTS_DIR; };
		614C38AC2B99F58E001A1F32 /* WidgetKit.framework */ = {isa = PBXFileReference; lastKnownFileType = wrapper.framework; name = WidgetKit.framework; path = System/Library/Frameworks/WidgetKit.framework; sourceTree = SDKROOT; };
		614C38AE2B99F58E001A1F32 /* SwiftUI.framework */ = {isa = PBXFileReference; lastKnownFileType = wrapper.framework; name = SwiftUI.framework; path = System/Library/Frameworks/SwiftUI.framework; sourceTree = SDKROOT; };
		614C38B92B99F594001A1F32 /* Assets.xcassets */ = {isa = PBXFileReference; lastKnownFileType = folder.assetcatalog; path = Assets.xcassets; sourceTree = "<group>"; };
		614C38BB2B99F594001A1F32 /* Info.plist */ = {isa = PBXFileReference; lastKnownFileType = text.plist.xml; path = Info.plist; sourceTree = "<group>"; };
		61789D9F2B94CB5F000E8B0B /* RunRideStudio.app */ = {isa = PBXFileReference; explicitFileType = wrapper.application; includeInIndex = 0; path = RunRideStudio.app; sourceTree = BUILT_PRODUCTS_DIR; };
		61789DA42B94CB5F000E8B0B /* ContentView.swift */ = {isa = PBXFileReference; lastKnownFileType = sourcecode.swift; path = ContentView.swift; sourceTree = "<group>"; };
		61789DA82B94CB60000E8B0B /* Assets.xcassets */ = {isa = PBXFileReference; lastKnownFileType = folder.assetcatalog; path = Assets.xcassets; sourceTree = "<group>"; };
		61789DAB2B94CB60000E8B0B /* Preview Assets.xcassets */ = {isa = PBXFileReference; lastKnownFileType = folder.assetcatalog; path = "Preview Assets.xcassets"; sourceTree = "<group>"; };
		61789DB42B94E503000E8B0B /* Info.plist */ = {isa = PBXFileReference; lastKnownFileType = text.plist.xml; name = Info.plist; path = RunRideStudio/Resource/Info.plist; sourceTree = SOURCE_ROOT; };
		C22971A42C089F3000241D92 /* SnapshotWidget.swift */ = {isa = PBXFileReference; lastKnownFileType = sourcecode.swift; path = SnapshotWidget.swift; sourceTree = "<group>"; };
		C22971A62C08A0F200241D92 /* SnapshotWidgetEntry.swift */ = {isa = PBXFileReference; lastKnownFileType = sourcecode.swift; path = SnapshotWidgetEntry.swift; sourceTree = "<group>"; };
		C22971A82C08A12900241D92 /* SnapshotWidgetView.swift */ = {isa = PBXFileReference; lastKnownFileType = sourcecode.swift; path = SnapshotWidgetView.swift; sourceTree = "<group>"; };
		C22971AC2C08A17100241D92 /* SnapshotItemView.swift */ = {isa = PBXFileReference; lastKnownFileType = sourcecode.swift; path = SnapshotItemView.swift; sourceTree = "<group>"; };
		C22971AF2C08A1CA00241D92 /* SnapshotWidgetTimelineProvider.swift */ = {isa = PBXFileReference; lastKnownFileType = sourcecode.swift; path = SnapshotWidgetTimelineProvider.swift; sourceTree = "<group>"; };
		C22971B22C08A46900241D92 /* SnapshotWidgetIntent.swift */ = {isa = PBXFileReference; lastKnownFileType = sourcecode.swift; path = SnapshotWidgetIntent.swift; sourceTree = "<group>"; };
		C22971B52C08A65400241D92 /* GoalWidget.swift */ = {isa = PBXFileReference; lastKnownFileType = sourcecode.swift; path = GoalWidget.swift; sourceTree = "<group>"; };
		C22971BB2C08A77500241D92 /* GoalWidgetEntry.swift */ = {isa = PBXFileReference; lastKnownFileType = sourcecode.swift; path = GoalWidgetEntry.swift; sourceTree = "<group>"; };
		C22971BD2C08A79600241D92 /* GoalWidgetTimelineProvider.swift */ = {isa = PBXFileReference; lastKnownFileType = sourcecode.swift; path = GoalWidgetTimelineProvider.swift; sourceTree = "<group>"; };
		C22971BF2C08A80600241D92 /* GoalWidgetView.swift */ = {isa = PBXFileReference; lastKnownFileType = sourcecode.swift; path = GoalWidgetView.swift; sourceTree = "<group>"; };
		C22971C12C08A83000241D92 /* GoalWidgetIntent.swift */ = {isa = PBXFileReference; lastKnownFileType = sourcecode.swift; path = GoalWidgetIntent.swift; sourceTree = "<group>"; };
		C22971C32C08A90C00241D92 /* SportType.swift */ = {isa = PBXFileReference; lastKnownFileType = sourcecode.swift; path = SportType.swift; sourceTree = "<group>"; };
		C22971C52C08A96300241D92 /* IntervalType.swift */ = {isa = PBXFileReference; lastKnownFileType = sourcecode.swift; path = IntervalType.swift; sourceTree = "<group>"; };
		C22971C72C08A99400241D92 /* MetricType.swift */ = {isa = PBXFileReference; lastKnownFileType = sourcecode.swift; path = MetricType.swift; sourceTree = "<group>"; };
		C22971CE2C08ADAA00241D92 /* MonthAccessoryWidget.swift */ = {isa = PBXFileReference; lastKnownFileType = sourcecode.swift; path = MonthAccessoryWidget.swift; sourceTree = "<group>"; };
		C22971D02C08C05800241D92 /* MonthAccessoryWidgetView.swift */ = {isa = PBXFileReference; lastKnownFileType = sourcecode.swift; path = MonthAccessoryWidgetView.swift; sourceTree = "<group>"; };
		C22971D32C08C07000241D92 /* MonthAccessoryWidgetTimelineProvider.swift */ = {isa = PBXFileReference; lastKnownFileType = sourcecode.swift; path = MonthAccessoryWidgetTimelineProvider.swift; sourceTree = "<group>"; };
		C22971D62C08C08900241D92 /* MonthAccessoryWidgetEntry.swift */ = {isa = PBXFileReference; lastKnownFileType = sourcecode.swift; path = MonthAccessoryWidgetEntry.swift; sourceTree = "<group>"; };
		C22971DA2C08C71900241D92 /* Spacing.swift */ = {isa = PBXFileReference; lastKnownFileType = sourcecode.swift; path = Spacing.swift; sourceTree = "<group>"; };
		C284E9A52C049CCB0064D086 /* RunRideStudioApp.swift */ = {isa = PBXFileReference; lastKnownFileType = sourcecode.swift; path = RunRideStudioApp.swift; sourceTree = "<group>"; };
		C284E9AD2C04A7460064D086 /* StravaAuthView.swift */ = {isa = PBXFileReference; lastKnownFileType = sourcecode.swift; path = StravaAuthView.swift; sourceTree = "<group>"; };
		C284E9AF2C04A76B0064D086 /* LoginView.swift */ = {isa = PBXFileReference; lastKnownFileType = sourcecode.swift; path = LoginView.swift; sourceTree = "<group>"; };
		C284E9B12C04A77E0064D086 /* SettingsView.swift */ = {isa = PBXFileReference; lastKnownFileType = sourcecode.swift; path = SettingsView.swift; sourceTree = "<group>"; };
		C284E9B52C04AB4F0064D086 /* RunRideStudioWidgetBundle.swift */ = {isa = PBXFileReference; lastKnownFileType = sourcecode.swift; path = RunRideStudioWidgetBundle.swift; sourceTree = "<group>"; };
		C284E9BC2C04CC800064D086 /* UserDefaultsWrapper.swift */ = {isa = PBXFileReference; lastKnownFileType = sourcecode.swift; path = UserDefaultsWrapper.swift; sourceTree = "<group>"; };
		C284E9C02C04D23C0064D086 /* BaseNetworkService.swift */ = {isa = PBXFileReference; lastKnownFileType = sourcecode.swift; path = BaseNetworkService.swift; sourceTree = "<group>"; };
		C284E9C32C04D2B40064D086 /* BaseTarget.swift */ = {isa = PBXFileReference; lastKnownFileType = sourcecode.swift; path = BaseTarget.swift; sourceTree = "<group>"; };
		C284E9C72C04D77F0064D086 /* WidgetTarget.swift */ = {isa = PBXFileReference; lastKnownFileType = sourcecode.swift; path = WidgetTarget.swift; sourceTree = "<group>"; };
		C284E9CA2C04D78A0064D086 /* WidgetService.swift */ = {isa = PBXFileReference; lastKnownFileType = sourcecode.swift; path = WidgetService.swift; sourceTree = "<group>"; };
		C284E9CE2C04DDC00064D086 /* StravaData.swift */ = {isa = PBXFileReference; lastKnownFileType = sourcecode.swift; path = StravaData.swift; sourceTree = "<group>"; };
		C284E9D12C04DDC50064D086 /* SnapshotData.swift */ = {isa = PBXFileReference; lastKnownFileType = sourcecode.swift; path = SnapshotData.swift; sourceTree = "<group>"; };
/* End PBXFileReference section */

/* Begin PBXFrameworksBuildPhase section */
		614C38A72B99F58E001A1F32 /* Frameworks */ = {
			isa = PBXFrameworksBuildPhase;
			buildActionMask = 2147483647;
			files = (
				614C38AF2B99F58E001A1F32 /* SwiftUI.framework in Frameworks */,
				614C38AD2B99F58E001A1F32 /* WidgetKit.framework in Frameworks */,
			);
			runOnlyForDeploymentPostprocessing = 0;
		};
		61789D9C2B94CB5F000E8B0B /* Frameworks */ = {
			isa = PBXFrameworksBuildPhase;
			buildActionMask = 2147483647;
			files = (
			);
			runOnlyForDeploymentPostprocessing = 0;
		};
/* End PBXFrameworksBuildPhase section */

/* Begin PBXGroup section */
		614C38AB2B99F58E001A1F32 /* Frameworks */ = {
			isa = PBXGroup;
			children = (
				614C38AC2B99F58E001A1F32 /* WidgetKit.framework */,
				614C38AE2B99F58E001A1F32 /* SwiftUI.framework */,
			);
			name = Frameworks;
			sourceTree = "<group>";
		};
		614C38B02B99F58F001A1F32 /* RunRideStudioWidget */ = {
			isa = PBXGroup;
			children = (
				C229719F2C089D6B00241D92 /* Resource */,
				C229719E2C089D6400241D92 /* Source */,
			);
			path = RunRideStudioWidget;
			sourceTree = "<group>";
		};
		61789D962B94CB5F000E8B0B = {
			isa = PBXGroup;
			children = (
				61789DA12B94CB5F000E8B0B /* RunRideStudio */,
				614C38B02B99F58F001A1F32 /* RunRideStudioWidget */,
				614C38AB2B99F58E001A1F32 /* Frameworks */,
				61789DA02B94CB5F000E8B0B /* Products */,
			);
			sourceTree = "<group>";
		};
		61789DA02B94CB5F000E8B0B /* Products */ = {
			isa = PBXGroup;
			children = (
				61789D9F2B94CB5F000E8B0B /* RunRideStudio.app */,
				614C38AA2B99F58E001A1F32 /* RunRideStudioWidgetExtension.appex */,
			);
			name = Products;
			sourceTree = "<group>";
		};
		61789DA12B94CB5F000E8B0B /* RunRideStudio */ = {
			isa = PBXGroup;
			children = (
				C284E9A82C04A6390064D086 /* Resource */,
				C284E9A72C04A6330064D086 /* Source */,
				61789DAA2B94CB60000E8B0B /* Preview Content */,
			);
			path = RunRideStudio;
			sourceTree = "<group>";
		};
		61789DAA2B94CB60000E8B0B /* Preview Content */ = {
			isa = PBXGroup;
			children = (
				61789DAB2B94CB60000E8B0B /* Preview Assets.xcassets */,
			);
			path = "Preview Content";
			sourceTree = "<group>";
		};
		C229719E2C089D6400241D92 /* Source */ = {
			isa = PBXGroup;
			children = (
				C22971A22C089F1400241D92 /* Widget */,
				C22971A02C089DC800241D92 /* Base */,
				C284E9B52C04AB4F0064D086 /* RunRideStudioWidgetBundle.swift */,
			);
			path = Source;
			sourceTree = "<group>";
		};
		C229719F2C089D6B00241D92 /* Resource */ = {
			isa = PBXGroup;
			children = (
				614C38BB2B99F594001A1F32 /* Info.plist */,
				6124F5EE2B9DB7760030C54C /* RunRideStudioWidgetExtension.entitlements */,
				614C38B92B99F594001A1F32 /* Assets.xcassets */,
			);
			path = Resource;
			sourceTree = "<group>";
		};
		C22971A02C089DC800241D92 /* Base */ = {
			isa = PBXGroup;
			children = (
				C22971C92C08A9B100241D92 /* Entity */,
			);
			path = Base;
			sourceTree = "<group>";
		};
		C22971A22C089F1400241D92 /* Widget */ = {
			isa = PBXGroup;
			children = (
				C22971CB2C08AD3300241D92 /* HomeScreen */,
				C22971CA2C08AD2300241D92 /* LockScreen */,
			);
			path = Widget;
			sourceTree = "<group>";
		};
		C22971A32C089F1900241D92 /* Snapshot */ = {
			isa = PBXGroup;
			children = (
				C22971B12C08A46200241D92 /* Intent */,
				C22971AE2C08A1B600241D92 /* TimelineProvider */,
				C22971AB2C08A15E00241D92 /* View */,
				C22971AA2C08A15500241D92 /* Entry */,
				C22971A42C089F3000241D92 /* SnapshotWidget.swift */,
			);
			path = Snapshot;
			sourceTree = "<group>";
		};
		C22971AA2C08A15500241D92 /* Entry */ = {
			isa = PBXGroup;
			children = (
				C22971A62C08A0F200241D92 /* SnapshotWidgetEntry.swift */,
			);
			path = Entry;
			sourceTree = "<group>";
		};
		C22971AB2C08A15E00241D92 /* View */ = {
			isa = PBXGroup;
			children = (
				C22971A82C08A12900241D92 /* SnapshotWidgetView.swift */,
				C22971AC2C08A17100241D92 /* SnapshotItemView.swift */,
			);
			path = View;
			sourceTree = "<group>";
		};
		C22971AE2C08A1B600241D92 /* TimelineProvider */ = {
			isa = PBXGroup;
			children = (
				C22971AF2C08A1CA00241D92 /* SnapshotWidgetTimelineProvider.swift */,
			);
			path = TimelineProvider;
			sourceTree = "<group>";
		};
		C22971B12C08A46200241D92 /* Intent */ = {
			isa = PBXGroup;
			children = (
				C22971B22C08A46900241D92 /* SnapshotWidgetIntent.swift */,
			);
			path = Intent;
			sourceTree = "<group>";
		};
		C22971B42C08A63700241D92 /* Goal */ = {
			isa = PBXGroup;
			children = (
				C22971BA2C08A74C00241D92 /* Intent */,
				C22971B92C08A74400241D92 /* TimelineProvider */,
				C22971B82C08A74000241D92 /* View */,
				C22971B72C08A73B00241D92 /* Entry */,
				C22971B52C08A65400241D92 /* GoalWidget.swift */,
			);
			path = Goal;
			sourceTree = "<group>";
		};
		C22971B72C08A73B00241D92 /* Entry */ = {
			isa = PBXGroup;
			children = (
				C22971BB2C08A77500241D92 /* GoalWidgetEntry.swift */,
			);
			path = Entry;
			sourceTree = "<group>";
		};
		C22971B82C08A74000241D92 /* View */ = {
			isa = PBXGroup;
			children = (
				C22971BF2C08A80600241D92 /* GoalWidgetView.swift */,
			);
			path = View;
			sourceTree = "<group>";
		};
		C22971B92C08A74400241D92 /* TimelineProvider */ = {
			isa = PBXGroup;
			children = (
				C22971BD2C08A79600241D92 /* GoalWidgetTimelineProvider.swift */,
			);
			path = TimelineProvider;
			sourceTree = "<group>";
		};
		C22971BA2C08A74C00241D92 /* Intent */ = {
			isa = PBXGroup;
			children = (
				C22971C12C08A83000241D92 /* GoalWidgetIntent.swift */,
			);
			path = Intent;
			sourceTree = "<group>";
		};
		C22971C92C08A9B100241D92 /* Entity */ = {
			isa = PBXGroup;
			children = (
				C22971C32C08A90C00241D92 /* SportType.swift */,
				C22971C52C08A96300241D92 /* IntervalType.swift */,
				C22971C72C08A99400241D92 /* MetricType.swift */,
			);
			path = Entity;
			sourceTree = "<group>";
		};
		C22971CA2C08AD2300241D92 /* LockScreen */ = {
			isa = PBXGroup;
			children = (
				C22971CC2C08AD6D00241D92 /* Month */,
			);
			path = LockScreen;
			sourceTree = "<group>";
		};
		C22971CB2C08AD3300241D92 /* HomeScreen */ = {
			isa = PBXGroup;
			children = (
				C22971B42C08A63700241D92 /* Goal */,
				C22971A32C089F1900241D92 /* Snapshot */,
			);
			path = HomeScreen;
			sourceTree = "<group>";
		};
		C22971CC2C08AD6D00241D92 /* Month */ = {
			isa = PBXGroup;
			children = (
				C22971D52C08C08200241D92 /* Entry */,
				C22971D22C08C06A00241D92 /* TimelineProvider */,
				C22971CD2C08AD8100241D92 /* View */,
				C22971CE2C08ADAA00241D92 /* MonthAccessoryWidget.swift */,
			);
			path = Month;
			sourceTree = "<group>";
		};
		C22971CD2C08AD8100241D92 /* View */ = {
			isa = PBXGroup;
			children = (
				C22971D02C08C05800241D92 /* MonthAccessoryWidgetView.swift */,
			);
			path = View;
			sourceTree = "<group>";
		};
		C22971D22C08C06A00241D92 /* TimelineProvider */ = {
			isa = PBXGroup;
			children = (
				C22971D32C08C07000241D92 /* MonthAccessoryWidgetTimelineProvider.swift */,
			);
			path = TimelineProvider;
			sourceTree = "<group>";
		};
		C22971D52C08C08200241D92 /* Entry */ = {
			isa = PBXGroup;
			children = (
				C22971D62C08C08900241D92 /* MonthAccessoryWidgetEntry.swift */,
			);
			path = Entry;
			sourceTree = "<group>";
		};
		C22971D92C08C70800241D92 /* Constant */ = {
			isa = PBXGroup;
			children = (
				C22971DA2C08C71900241D92 /* Spacing.swift */,
			);
			path = Constant;
			sourceTree = "<group>";
		};
		C284E9A72C04A6330064D086 /* Source */ = {
			isa = PBXGroup;
			children = (
				C22971D92C08C70800241D92 /* Constant */,
				C284E9A92C04A64E0064D086 /* Base */,
				C284E9A52C049CCB0064D086 /* RunRideStudioApp.swift */,
			);
			path = Source;
			sourceTree = "<group>";
		};
		C284E9A82C04A6390064D086 /* Resource */ = {
			isa = PBXGroup;
			children = (
				61789DA82B94CB60000E8B0B /* Assets.xcassets */,
				61789DB42B94E503000E8B0B /* Info.plist */,
				6124F5ED2B9DB6E40030C54C /* RunRideStudio.entitlements */,
			);
			path = Resource;
			sourceTree = "<group>";
		};
		C284E9A92C04A64E0064D086 /* Base */ = {
			isa = PBXGroup;
			children = (
				C284E9BB2C04CC790064D086 /* Service */,
				C284E9AA2C04A6600064D086 /* View */,
			);
			path = Base;
			sourceTree = "<group>";
		};
		C284E9AA2C04A6600064D086 /* View */ = {
			isa = PBXGroup;
			children = (
				61789DA42B94CB5F000E8B0B /* ContentView.swift */,
				C284E9AD2C04A7460064D086 /* StravaAuthView.swift */,
				C284E9AF2C04A76B0064D086 /* LoginView.swift */,
				C284E9B12C04A77E0064D086 /* SettingsView.swift */,
			);
			path = View;
			sourceTree = "<group>";
		};
		C284E9BB2C04CC790064D086 /* Service */ = {
			isa = PBXGroup;
			children = (
				C284E9BF2C04D2250064D086 /* NetworkService */,
				C284E9BC2C04CC800064D086 /* UserDefaultsWrapper.swift */,
			);
			path = Service;
			sourceTree = "<group>";
		};
		C284E9BF2C04D2250064D086 /* NetworkService */ = {
			isa = PBXGroup;
			children = (
				C284E9C62C04D76D0064D086 /* Widget */,
				C284E9C02C04D23C0064D086 /* BaseNetworkService.swift */,
				C284E9C32C04D2B40064D086 /* BaseTarget.swift */,
			);
			path = NetworkService;
			sourceTree = "<group>";
		};
		C284E9C62C04D76D0064D086 /* Widget */ = {
			isa = PBXGroup;
			children = (
				C284E9CD2C04DDB80064D086 /* Entity */,
				C284E9C72C04D77F0064D086 /* WidgetTarget.swift */,
				C284E9CA2C04D78A0064D086 /* WidgetService.swift */,
			);
			path = Widget;
			sourceTree = "<group>";
		};
		C284E9CD2C04DDB80064D086 /* Entity */ = {
			isa = PBXGroup;
			children = (
				C284E9CE2C04DDC00064D086 /* StravaData.swift */,
				C284E9D12C04DDC50064D086 /* SnapshotData.swift */,
			);
			path = Entity;
			sourceTree = "<group>";
		};
/* End PBXGroup section */

/* Begin PBXNativeTarget section */
		614C38A92B99F58E001A1F32 /* RunRideStudioWidgetExtension */ = {
			isa = PBXNativeTarget;
			buildConfigurationList = 614C38C22B99F594001A1F32 /* Build configuration list for PBXNativeTarget "RunRideStudioWidgetExtension" */;
			buildPhases = (
				614C38A62B99F58E001A1F32 /* Sources */,
				614C38A72B99F58E001A1F32 /* Frameworks */,
				614C38A82B99F58E001A1F32 /* Resources */,
			);
			buildRules = (
			);
			dependencies = (
			);
			name = RunRideStudioWidgetExtension;
			productName = RunRideStudioWidgetExtension;
			productReference = 614C38AA2B99F58E001A1F32 /* RunRideStudioWidgetExtension.appex */;
			productType = "com.apple.product-type.app-extension";
		};
		61789D9E2B94CB5F000E8B0B /* RunRideStudio */ = {
			isa = PBXNativeTarget;
			buildConfigurationList = 61789DAF2B94CB60000E8B0B /* Build configuration list for PBXNativeTarget "RunRideStudio" */;
			buildPhases = (
				61789D9B2B94CB5F000E8B0B /* Sources */,
				61789D9C2B94CB5F000E8B0B /* Frameworks */,
				61789D9D2B94CB5F000E8B0B /* Resources */,
				614C38BF2B99F594001A1F32 /* Embed Foundation Extensions */,
			);
			buildRules = (
			);
			dependencies = (
				614C38BD2B99F594001A1F32 /* PBXTargetDependency */,
			);
			name = RunRideStudio;
			productName = RunRideStudio;
			productReference = 61789D9F2B94CB5F000E8B0B /* RunRideStudio.app */;
			productType = "com.apple.product-type.application";
		};
/* End PBXNativeTarget section */

/* Begin PBXProject section */
		61789D972B94CB5F000E8B0B /* Project object */ = {
			isa = PBXProject;
			attributes = {
				BuildIndependentTargetsInParallel = 1;
				LastSwiftUpdateCheck = 1530;
				LastUpgradeCheck = 1500;
				TargetAttributes = {
					614C38A92B99F58E001A1F32 = {
						CreatedOnToolsVersion = 15.0;
					};
					61789D9E2B94CB5F000E8B0B = {
						CreatedOnToolsVersion = 15.0;
					};
				};
			};
			buildConfigurationList = 61789D9A2B94CB5F000E8B0B /* Build configuration list for PBXProject "RunRideStudio" */;
			compatibilityVersion = "Xcode 14.0";
			developmentRegion = en;
			hasScannedForEncodings = 0;
			knownRegions = (
				en,
				Base,
			);
			mainGroup = 61789D962B94CB5F000E8B0B;
			productRefGroup = 61789DA02B94CB5F000E8B0B /* Products */;
			projectDirPath = "";
			projectRoot = "";
			targets = (
				61789D9E2B94CB5F000E8B0B /* RunRideStudio */,
				614C38A92B99F58E001A1F32 /* RunRideStudioWidgetExtension */,
			);
		};
/* End PBXProject section */

/* Begin PBXResourcesBuildPhase section */
		614C38A82B99F58E001A1F32 /* Resources */ = {
			isa = PBXResourcesBuildPhase;
			buildActionMask = 2147483647;
			files = (
				614C38BA2B99F594001A1F32 /* Assets.xcassets in Resources */,
			);
			runOnlyForDeploymentPostprocessing = 0;
		};
		61789D9D2B94CB5F000E8B0B /* Resources */ = {
			isa = PBXResourcesBuildPhase;
			buildActionMask = 2147483647;
			files = (
				61789DAC2B94CB60000E8B0B /* Preview Assets.xcassets in Resources */,
				61789DA92B94CB60000E8B0B /* Assets.xcassets in Resources */,
			);
			runOnlyForDeploymentPostprocessing = 0;
		};
/* End PBXResourcesBuildPhase section */

/* Begin PBXSourcesBuildPhase section */
		614C38A62B99F58E001A1F32 /* Sources */ = {
			isa = PBXSourcesBuildPhase;
			buildActionMask = 2147483647;
			files = (
				C22971C62C08A96300241D92 /* IntervalType.swift in Sources */,
				C22971A52C089F3000241D92 /* SnapshotWidget.swift in Sources */,
				C284E9C92C04D77F0064D086 /* WidgetTarget.swift in Sources */,
				C22971B62C08A65400241D92 /* GoalWidget.swift in Sources */,
				C22971D42C08C07000241D92 /* MonthAccessoryWidgetTimelineProvider.swift in Sources */,
				C22971BE2C08A79600241D92 /* GoalWidgetTimelineProvider.swift in Sources */,
				C22971A72C08A0F200241D92 /* SnapshotWidgetEntry.swift in Sources */,
				C22971BC2C08A77500241D92 /* GoalWidgetEntry.swift in Sources */,
				C22971C82C08A99400241D92 /* MetricType.swift in Sources */,
				C284E9D02C04DDC00064D086 /* StravaData.swift in Sources */,
				C284E9C52C04D2B40064D086 /* BaseTarget.swift in Sources */,
				C22971D12C08C05800241D92 /* MonthAccessoryWidgetView.swift in Sources */,
				C284E9BE2C04CE300064D086 /* UserDefaultsWrapper.swift in Sources */,
				C22971C22C08A83000241D92 /* GoalWidgetIntent.swift in Sources */,
				C22971D72C08C08900241D92 /* MonthAccessoryWidgetEntry.swift in Sources */,
				C22971AD2C08A17100241D92 /* SnapshotItemView.swift in Sources */,
				C284E9CC2C04D78A0064D086 /* WidgetService.swift in Sources */,
				C284E9B72C04ABFA0064D086 /* RunRideStudioWidgetBundle.swift in Sources */,
				C22971B32C08A46900241D92 /* SnapshotWidgetIntent.swift in Sources */,
				C22971CF2C08ADAA00241D92 /* MonthAccessoryWidget.swift in Sources */,
				C22971DC2C08C71900241D92 /* Spacing.swift in Sources */,
				C22971C42C08A90C00241D92 /* SportType.swift in Sources */,
				C22971A92C08A12900241D92 /* SnapshotWidgetView.swift in Sources */,
				C284E9D32C04DDC50064D086 /* SnapshotData.swift in Sources */,
				C22971C02C08A80600241D92 /* GoalWidgetView.swift in Sources */,
				C22971B02C08A1CA00241D92 /* SnapshotWidgetTimelineProvider.swift in Sources */,
				C284E9C22C04D23C0064D086 /* BaseNetworkService.swift in Sources */,
			);
			runOnlyForDeploymentPostprocessing = 0;
		};
		61789D9B2B94CB5F000E8B0B /* Sources */ = {
			isa = PBXSourcesBuildPhase;
			buildActionMask = 2147483647;
			files = (
				C284E9C42C04D2B40064D086 /* BaseTarget.swift in Sources */,
				C284E9BD2C04CC800064D086 /* UserDefaultsWrapper.swift in Sources */,
				C284E9C12C04D23C0064D086 /* BaseNetworkService.swift in Sources */,
				C284E9B22C04A77E0064D086 /* SettingsView.swift in Sources */,
				61789DA52B94CB5F000E8B0B /* ContentView.swift in Sources */,
				C284E9B02C04A76B0064D086 /* LoginView.swift in Sources */,
				C284E9CF2C04DDC00064D086 /* StravaData.swift in Sources */,
				C284E9C82C04D77F0064D086 /* WidgetTarget.swift in Sources */,
				C284E9A62C049CCB0064D086 /* RunRideStudioApp.swift in Sources */,
				C284E9CB2C04D78A0064D086 /* WidgetService.swift in Sources */,
				C284E9D22C04DDC50064D086 /* SnapshotData.swift in Sources */,
				C22971DB2C08C71900241D92 /* Spacing.swift in Sources */,
				C284E9AE2C04A7460064D086 /* StravaAuthView.swift in Sources */,
			);
			runOnlyForDeploymentPostprocessing = 0;
		};
/* End PBXSourcesBuildPhase section */

/* Begin PBXTargetDependency section */
		614C38BD2B99F594001A1F32 /* PBXTargetDependency */ = {
			isa = PBXTargetDependency;
			target = 614C38A92B99F58E001A1F32 /* RunRideStudioWidgetExtension */;
			targetProxy = 614C38BC2B99F594001A1F32 /* PBXContainerItemProxy */;
		};
/* End PBXTargetDependency section */

/* Begin XCBuildConfiguration section */
		614C38C02B99F594001A1F32 /* Debug */ = {
			isa = XCBuildConfiguration;
			buildSettings = {
				ASSETCATALOG_COMPILER_GLOBAL_ACCENT_COLOR_NAME = AccentColor;
				ASSETCATALOG_COMPILER_WIDGET_BACKGROUND_COLOR_NAME = WidgetBackground;
				CODE_SIGN_ENTITLEMENTS = RunRideStudioWidget/Resource/RunRideStudioWidgetExtension.entitlements;
				CODE_SIGN_STYLE = Automatic;
				CURRENT_PROJECT_VERSION = 2;
				DEVELOPMENT_TEAM = 3668S4ATNC;
				GENERATE_INFOPLIST_FILE = YES;
				INFOPLIST_FILE = RunRideStudioWidget/Resource/Info.plist;
				INFOPLIST_KEY_CFBundleDisplayName = RunRideStudioWidget;
				INFOPLIST_KEY_NSHumanReadableCopyright = "";
				LD_RUNPATH_SEARCH_PATHS = (
					"$(inherited)",
					"@executable_path/Frameworks",
					"@executable_path/../../Frameworks",
				);
				MARKETING_VERSION = 1.1;
				PRODUCT_BUNDLE_IDENTIFIER = "runride.studio.RunRide-Studio-Widgets.RunRide-Widget";
				PRODUCT_NAME = "$(TARGET_NAME)";
				SKIP_INSTALL = YES;
				SUPPORTED_PLATFORMS = "iphoneos iphonesimulator";
				SUPPORTS_MACCATALYST = NO;
				SUPPORTS_MAC_DESIGNED_FOR_IPHONE_IPAD = NO;
				SWIFT_EMIT_LOC_STRINGS = YES;
				SWIFT_VERSION = 5.0;
				TARGETED_DEVICE_FAMILY = "1,2";
			};
			name = Debug;
		};
		614C38C12B99F594001A1F32 /* Release */ = {
			isa = XCBuildConfiguration;
			buildSettings = {
				ASSETCATALOG_COMPILER_GLOBAL_ACCENT_COLOR_NAME = AccentColor;
				ASSETCATALOG_COMPILER_WIDGET_BACKGROUND_COLOR_NAME = WidgetBackground;
				CODE_SIGN_ENTITLEMENTS = RunRideStudioWidget/Resource/RunRideStudioWidgetExtension.entitlements;
				CODE_SIGN_STYLE = Automatic;
				CURRENT_PROJECT_VERSION = 2;
				DEVELOPMENT_TEAM = 3668S4ATNC;
				GENERATE_INFOPLIST_FILE = YES;
				INFOPLIST_FILE = RunRideStudioWidget/Resource/Info.plist;
				INFOPLIST_KEY_CFBundleDisplayName = RunRideStudioWidget;
				INFOPLIST_KEY_NSHumanReadableCopyright = "";
				LD_RUNPATH_SEARCH_PATHS = (
					"$(inherited)",
					"@executable_path/Frameworks",
					"@executable_path/../../Frameworks",
				);
				MARKETING_VERSION = 1.1;
				PRODUCT_BUNDLE_IDENTIFIER = "runride.studio.RunRide-Studio-Widgets.RunRide-Widget";
				PRODUCT_NAME = "$(TARGET_NAME)";
				SKIP_INSTALL = YES;
				SUPPORTED_PLATFORMS = "iphoneos iphonesimulator";
				SUPPORTS_MACCATALYST = NO;
				SUPPORTS_MAC_DESIGNED_FOR_IPHONE_IPAD = NO;
				SWIFT_EMIT_LOC_STRINGS = YES;
				SWIFT_VERSION = 5.0;
				TARGETED_DEVICE_FAMILY = "1,2";
			};
			name = Release;
		};
		61789DAD2B94CB60000E8B0B /* Debug */ = {
			isa = XCBuildConfiguration;
			buildSettings = {
				ALWAYS_SEARCH_USER_PATHS = NO;
				ASSETCATALOG_COMPILER_GENERATE_SWIFT_ASSET_SYMBOL_EXTENSIONS = YES;
				CLANG_ANALYZER_NONNULL = YES;
				CLANG_ANALYZER_NUMBER_OBJECT_CONVERSION = YES_AGGRESSIVE;
				CLANG_CXX_LANGUAGE_STANDARD = "gnu++20";
				CLANG_ENABLE_MODULES = YES;
				CLANG_ENABLE_OBJC_ARC = YES;
				CLANG_ENABLE_OBJC_WEAK = YES;
				CLANG_WARN_BLOCK_CAPTURE_AUTORELEASING = YES;
				CLANG_WARN_BOOL_CONVERSION = YES;
				CLANG_WARN_COMMA = YES;
				CLANG_WARN_CONSTANT_CONVERSION = YES;
				CLANG_WARN_DEPRECATED_OBJC_IMPLEMENTATIONS = YES;
				CLANG_WARN_DIRECT_OBJC_ISA_USAGE = YES_ERROR;
				CLANG_WARN_DOCUMENTATION_COMMENTS = YES;
				CLANG_WARN_EMPTY_BODY = YES;
				CLANG_WARN_ENUM_CONVERSION = YES;
				CLANG_WARN_INFINITE_RECURSION = YES;
				CLANG_WARN_INT_CONVERSION = YES;
				CLANG_WARN_NON_LITERAL_NULL_CONVERSION = YES;
				CLANG_WARN_OBJC_IMPLICIT_RETAIN_SELF = YES;
				CLANG_WARN_OBJC_LITERAL_CONVERSION = YES;
				CLANG_WARN_OBJC_ROOT_CLASS = YES_ERROR;
				CLANG_WARN_QUOTED_INCLUDE_IN_FRAMEWORK_HEADER = YES;
				CLANG_WARN_RANGE_LOOP_ANALYSIS = YES;
				CLANG_WARN_STRICT_PROTOTYPES = YES;
				CLANG_WARN_SUSPICIOUS_MOVE = YES;
				CLANG_WARN_UNGUARDED_AVAILABILITY = YES_AGGRESSIVE;
				CLANG_WARN_UNREACHABLE_CODE = YES;
				CLANG_WARN__DUPLICATE_METHOD_MATCH = YES;
				COPY_PHASE_STRIP = NO;
				DEBUG_INFORMATION_FORMAT = dwarf;
				ENABLE_STRICT_OBJC_MSGSEND = YES;
				ENABLE_TESTABILITY = YES;
				ENABLE_USER_SCRIPT_SANDBOXING = YES;
				GCC_C_LANGUAGE_STANDARD = gnu17;
				GCC_DYNAMIC_NO_PIC = NO;
				GCC_NO_COMMON_BLOCKS = YES;
				GCC_OPTIMIZATION_LEVEL = 0;
				GCC_PREPROCESSOR_DEFINITIONS = (
					"DEBUG=1",
					"$(inherited)",
				);
				GCC_WARN_64_TO_32_BIT_CONVERSION = YES;
				GCC_WARN_ABOUT_RETURN_TYPE = YES_ERROR;
				GCC_WARN_UNDECLARED_SELECTOR = YES;
				GCC_WARN_UNINITIALIZED_AUTOS = YES_AGGRESSIVE;
				GCC_WARN_UNUSED_FUNCTION = YES;
				GCC_WARN_UNUSED_VARIABLE = YES;
				IPHONEOS_DEPLOYMENT_TARGET = 17.0;
				LOCALIZATION_PREFERS_STRING_CATALOGS = YES;
				MTL_ENABLE_DEBUG_INFO = INCLUDE_SOURCE;
				MTL_FAST_MATH = YES;
				ONLY_ACTIVE_ARCH = YES;
				SDKROOT = iphoneos;
				SWIFT_ACTIVE_COMPILATION_CONDITIONS = "DEBUG $(inherited)";
				SWIFT_OPTIMIZATION_LEVEL = "-Onone";
			};
			name = Debug;
		};
		61789DAE2B94CB60000E8B0B /* Release */ = {
			isa = XCBuildConfiguration;
			buildSettings = {
				ALWAYS_SEARCH_USER_PATHS = NO;
				ASSETCATALOG_COMPILER_GENERATE_SWIFT_ASSET_SYMBOL_EXTENSIONS = YES;
				CLANG_ANALYZER_NONNULL = YES;
				CLANG_ANALYZER_NUMBER_OBJECT_CONVERSION = YES_AGGRESSIVE;
				CLANG_CXX_LANGUAGE_STANDARD = "gnu++20";
				CLANG_ENABLE_MODULES = YES;
				CLANG_ENABLE_OBJC_ARC = YES;
				CLANG_ENABLE_OBJC_WEAK = YES;
				CLANG_WARN_BLOCK_CAPTURE_AUTORELEASING = YES;
				CLANG_WARN_BOOL_CONVERSION = YES;
				CLANG_WARN_COMMA = YES;
				CLANG_WARN_CONSTANT_CONVERSION = YES;
				CLANG_WARN_DEPRECATED_OBJC_IMPLEMENTATIONS = YES;
				CLANG_WARN_DIRECT_OBJC_ISA_USAGE = YES_ERROR;
				CLANG_WARN_DOCUMENTATION_COMMENTS = YES;
				CLANG_WARN_EMPTY_BODY = YES;
				CLANG_WARN_ENUM_CONVERSION = YES;
				CLANG_WARN_INFINITE_RECURSION = YES;
				CLANG_WARN_INT_CONVERSION = YES;
				CLANG_WARN_NON_LITERAL_NULL_CONVERSION = YES;
				CLANG_WARN_OBJC_IMPLICIT_RETAIN_SELF = YES;
				CLANG_WARN_OBJC_LITERAL_CONVERSION = YES;
				CLANG_WARN_OBJC_ROOT_CLASS = YES_ERROR;
				CLANG_WARN_QUOTED_INCLUDE_IN_FRAMEWORK_HEADER = YES;
				CLANG_WARN_RANGE_LOOP_ANALYSIS = YES;
				CLANG_WARN_STRICT_PROTOTYPES = YES;
				CLANG_WARN_SUSPICIOUS_MOVE = YES;
				CLANG_WARN_UNGUARDED_AVAILABILITY = YES_AGGRESSIVE;
				CLANG_WARN_UNREACHABLE_CODE = YES;
				CLANG_WARN__DUPLICATE_METHOD_MATCH = YES;
				COPY_PHASE_STRIP = NO;
				DEBUG_INFORMATION_FORMAT = "dwarf-with-dsym";
				ENABLE_NS_ASSERTIONS = NO;
				ENABLE_STRICT_OBJC_MSGSEND = YES;
				ENABLE_USER_SCRIPT_SANDBOXING = YES;
				GCC_C_LANGUAGE_STANDARD = gnu17;
				GCC_NO_COMMON_BLOCKS = YES;
				GCC_WARN_64_TO_32_BIT_CONVERSION = YES;
				GCC_WARN_ABOUT_RETURN_TYPE = YES_ERROR;
				GCC_WARN_UNDECLARED_SELECTOR = YES;
				GCC_WARN_UNINITIALIZED_AUTOS = YES_AGGRESSIVE;
				GCC_WARN_UNUSED_FUNCTION = YES;
				GCC_WARN_UNUSED_VARIABLE = YES;
				IPHONEOS_DEPLOYMENT_TARGET = 17.0;
				LOCALIZATION_PREFERS_STRING_CATALOGS = YES;
				MTL_ENABLE_DEBUG_INFO = NO;
				MTL_FAST_MATH = YES;
				ONLY_ACTIVE_ARCH = YES;
				SDKROOT = iphoneos;
				SWIFT_COMPILATION_MODE = wholemodule;
				VALIDATE_PRODUCT = YES;
			};
			name = Release;
		};
		61789DB02B94CB60000E8B0B /* Debug */ = {
			isa = XCBuildConfiguration;
			buildSettings = {
				ALWAYS_EMBED_SWIFT_STANDARD_LIBRARIES = YES;
				ASSETCATALOG_COMPILER_APPICON_NAME = AppIcon;
				ASSETCATALOG_COMPILER_GLOBAL_ACCENT_COLOR_NAME = AccentColor;
				ASSETCATALOG_COMPILER_INCLUDE_ALL_APPICON_ASSETS = NO;
				CODE_SIGN_ENTITLEMENTS = RunRideStudio/Resource/RunRideStudio.entitlements;
				CODE_SIGN_STYLE = Automatic;
				CURRENT_PROJECT_VERSION = 2;
				DEVELOPMENT_ASSET_PATHS = "\"RunRideStudio/Preview Content\"";
				DEVELOPMENT_TEAM = 3668S4ATNC;
				ENABLE_PREVIEWS = YES;
				GENERATE_INFOPLIST_FILE = YES;
				INFOPLIST_FILE = RunRideStudio/Resource/Info.plist;
				INFOPLIST_KEY_CFBundleDisplayName = "RunRide Studio";
				INFOPLIST_KEY_LSApplicationCategoryType = "public.app-category.sports";
				INFOPLIST_KEY_UIApplicationSceneManifest_Generation = YES;
				INFOPLIST_KEY_UIApplicationSupportsIndirectInputEvents = YES;
				INFOPLIST_KEY_UILaunchScreen_Generation = YES;
				INFOPLIST_KEY_UISupportedInterfaceOrientations_iPad = "UIInterfaceOrientationPortrait UIInterfaceOrientationPortraitUpsideDown UIInterfaceOrientationLandscapeLeft UIInterfaceOrientationLandscapeRight";
				INFOPLIST_KEY_UISupportedInterfaceOrientations_iPhone = "UIInterfaceOrientationPortrait UIInterfaceOrientationLandscapeLeft UIInterfaceOrientationLandscapeRight";
				LD_RUNPATH_SEARCH_PATHS = (
					"$(inherited)",
					"@executable_path/Frameworks",
				);
				MARKETING_VERSION = 1.1;
				PRODUCT_BUNDLE_IDENTIFIER = "runride.studio.RunRide-Studio-Widgets";
				PRODUCT_NAME = "$(TARGET_NAME)";
				SUPPORTED_PLATFORMS = "iphoneos iphonesimulator";
				SUPPORTS_MACCATALYST = NO;
				SUPPORTS_MAC_DESIGNED_FOR_IPHONE_IPAD = NO;
				SWIFT_EMIT_LOC_STRINGS = YES;
				SWIFT_VERSION = 5.0;
				TARGETED_DEVICE_FAMILY = "1,2";
			};
			name = Debug;
		};
		61789DB12B94CB60000E8B0B /* Release */ = {
			isa = XCBuildConfiguration;
			buildSettings = {
				ALWAYS_EMBED_SWIFT_STANDARD_LIBRARIES = YES;
				ASSETCATALOG_COMPILER_APPICON_NAME = AppIcon;
				ASSETCATALOG_COMPILER_GLOBAL_ACCENT_COLOR_NAME = AccentColor;
				ASSETCATALOG_COMPILER_INCLUDE_ALL_APPICON_ASSETS = NO;
				CODE_SIGN_ENTITLEMENTS = RunRideStudio/Resource/RunRideStudio.entitlements;
				CODE_SIGN_STYLE = Automatic;
				CURRENT_PROJECT_VERSION = 2;
				DEVELOPMENT_ASSET_PATHS = "\"RunRideStudio/Preview Content\"";
				DEVELOPMENT_TEAM = 3668S4ATNC;
				ENABLE_PREVIEWS = YES;
				GENERATE_INFOPLIST_FILE = YES;
				INFOPLIST_FILE = RunRideStudio/Resource/Info.plist;
				INFOPLIST_KEY_CFBundleDisplayName = "RunRide Studio";
				INFOPLIST_KEY_LSApplicationCategoryType = "public.app-category.sports";
				INFOPLIST_KEY_UIApplicationSceneManifest_Generation = YES;
				INFOPLIST_KEY_UIApplicationSupportsIndirectInputEvents = YES;
				INFOPLIST_KEY_UILaunchScreen_Generation = YES;
				INFOPLIST_KEY_UISupportedInterfaceOrientations_iPad = "UIInterfaceOrientationPortrait UIInterfaceOrientationPortraitUpsideDown UIInterfaceOrientationLandscapeLeft UIInterfaceOrientationLandscapeRight";
				INFOPLIST_KEY_UISupportedInterfaceOrientations_iPhone = "UIInterfaceOrientationPortrait UIInterfaceOrientationLandscapeLeft UIInterfaceOrientationLandscapeRight";
				LD_RUNPATH_SEARCH_PATHS = (
					"$(inherited)",
					"@executable_path/Frameworks",
				);
				MARKETING_VERSION = 1.1;
				PRODUCT_BUNDLE_IDENTIFIER = "runride.studio.RunRide-Studio-Widgets";
				PRODUCT_NAME = "$(TARGET_NAME)";
				SUPPORTED_PLATFORMS = "iphoneos iphonesimulator";
				SUPPORTS_MACCATALYST = NO;
				SUPPORTS_MAC_DESIGNED_FOR_IPHONE_IPAD = NO;
				SWIFT_EMIT_LOC_STRINGS = YES;
				SWIFT_VERSION = 5.0;
				TARGETED_DEVICE_FAMILY = "1,2";
			};
			name = Release;
		};
/* End XCBuildConfiguration section */

/* Begin XCConfigurationList section */
		614C38C22B99F594001A1F32 /* Build configuration list for PBXNativeTarget "RunRideStudioWidgetExtension" */ = {
			isa = XCConfigurationList;
			buildConfigurations = (
				614C38C02B99F594001A1F32 /* Debug */,
				614C38C12B99F594001A1F32 /* Release */,
			);
			defaultConfigurationIsVisible = 0;
			defaultConfigurationName = Release;
		};
		61789D9A2B94CB5F000E8B0B /* Build configuration list for PBXProject "RunRideStudio" */ = {
			isa = XCConfigurationList;
			buildConfigurations = (
				61789DAD2B94CB60000E8B0B /* Debug */,
				61789DAE2B94CB60000E8B0B /* Release */,
			);
			defaultConfigurationIsVisible = 0;
			defaultConfigurationName = Release;
		};
		61789DAF2B94CB60000E8B0B /* Build configuration list for PBXNativeTarget "RunRideStudio" */ = {
			isa = XCConfigurationList;
			buildConfigurations = (
				61789DB02B94CB60000E8B0B /* Debug */,
				61789DB12B94CB60000E8B0B /* Release */,
			);
			defaultConfigurationIsVisible = 0;
			defaultConfigurationName = Release;
		};
/* End XCConfigurationList section */
	};
	rootObject = 61789D972B94CB5F000E8B0B /* Project object */;
}
